
Microsoft Visual Studio Solution File, Format Version 12.00
# Visual Studio Version 16
VisualStudioVersion = 16.0.30128.74
MinimumVisualStudioVersion = 10.0.40219.1
Project("{9A19103F-16F7-4668-BE54-9A1E7A4F7556}") = "Day2", "Day2\Day2.csproj", "{B942FD6D-D8BC-454C-9E6E-EDB4FAB564AF}"
EndProject
Project("{9A19103F-16F7-4668-BE54-9A1E7A4F7556}") = "Day1", "Day1\Day1.csproj", "{CD64E756-F0C1-4D79-B3BE-A75CF20F046E}"
EndProject
Project("{9A19103F-16F7-4668-BE54-9A1E7A4F7556}") = "Helpers", "Helpers\Helpers.csproj", "{18E83A91-D481-4876-A388-58CD93864866}"
EndProject
Project("{FAE04EC0-301F-11D3-BF4B-00C04F79EFBC}") = "Day3", "Day3\Day3.csproj", "{51BD2BC7-E778-47C6-BE80-B073B88EC7C2}"
EndProject
Global
	GlobalSection(SolutionConfigurationPlatforms) = preSolution
		Debug|Any CPU = Debug|Any CPU
		Release|Any CPU = Release|Any CPU
	EndGlobalSection
	GlobalSection(ProjectConfigurationPlatforms) = postSolution
		{B942FD6D-D8BC-454C-9E6E-EDB4FAB564AF}.Debug|Any CPU.ActiveCfg = Debug|Any CPU
		{B942FD6D-D8BC-454C-9E6E-EDB4FAB564AF}.Debug|Any CPU.Build.0 = Debug|Any CPU
		{B942FD6D-D8BC-454C-9E6E-EDB4FAB564AF}.Release|Any CPU.ActiveCfg = Release|Any CPU
		{B942FD6D-D8BC-454C-9E6E-EDB4FAB564AF}.Release|Any CPU.Build.0 = Release|Any CPU
		{CD64E756-F0C1-4D79-B3BE-A75CF20F046E}.Debug|Any CPU.ActiveCfg = Debug|Any CPU
		{CD64E756-F0C1-4D79-B3BE-A75CF20F046E}.Debug|Any CPU.Build.0 = Debug|Any CPU
		{CD64E756-F0C1-4D79-B3BE-A75CF20F046E}.Release|Any CPU.ActiveCfg = Release|Any CPU
		{CD64E756-F0C1-4D79-B3BE-A75CF20F046E}.Release|Any CPU.Build.0 = Release|Any CPU
		{18E83A91-D481-4876-A388-58CD93864866}.Debug|Any CPU.ActiveCfg = Debug|Any CPU
		{18E83A91-D481-4876-A388-58CD93864866}.Debug|Any CPU.Build.0 = Debug|Any CPU
		{18E83A91-D481-4876-A388-58CD93864866}.Release|Any CPU.ActiveCfg = Release|Any CPU
		{18E83A91-D481-4876-A388-58CD93864866}.Release|Any CPU.Build.0 = Release|Any CPU
		{51BD2BC7-E778-47C6-BE80-B073B88EC7C2}.Debug|Any CPU.ActiveCfg = Debug|Any CPU
		{51BD2BC7-E778-47C6-BE80-B073B88EC7C2}.Debug|Any CPU.Build.0 = Debug|Any CPU
		{51BD2BC7-E778-47C6-BE80-B073B88EC7C2}.Release|Any CPU.ActiveCfg = Release|Any CPU
		{51BD2BC7-E778-47C6-BE80-B073B88EC7C2}.Release|Any CPU.Build.0 = Release|Any CPU
	EndGlobalSection
	GlobalSection(SolutionProperties) = preSolution
		HideSolutionNode = FALSE
	EndGlobalSection
	GlobalSection(ExtensibilityGlobals) = postSolution
		SolutionGuid = {997B4747-70A7-4565-A9BC-13F18C213419}
	EndGlobalSection
EndGlobal
